
Microsoft Visual Studio Solution File, Format Version 12.00
# Visual Studio 2013
VisualStudioVersion = 12.0.31101.0
MinimumVisualStudioVersion = 10.0.40219.1
Project("{2150E333-8FDC-42A3-9474-1A3956D46DE8}") = "AutoFac", "AutoFac", "{2A4DE6F5-1A46-471A-9D18-43E0F496E17E}"
EndProject
Project("{FAE04EC0-301F-11D3-BF4B-00C04F79EFBC}") = "AutoFacDemo.iOS", "AutoFacDemo\AutoFacDemo.iOS\AutoFacDemo.iOS.csproj", "{A7796FC7-FDB1-4701-A391-834BC7FD0784}"
EndProject
Project("{FAE04EC0-301F-11D3-BF4B-00C04F79EFBC}") = "AutoFacDemo.Droid", "AutoFacDemo\AutoFacDemo.Droid\AutoFacDemo.Droid.csproj", "{1F5500F1-68FB-4A5E-985E-1FF0B4CB9042}"
EndProject
Project("{2150E333-8FDC-42A3-9474-1A3956D46DE8}") = "TinyIoC", "TinyIoC", "{166F1AEE-6D6B-4267-A830-1A0926D03D9E}"
EndProject
Project("{FAE04EC0-301F-11D3-BF4B-00C04F79EFBC}") = "TinyIoCDemo.iOS", "TinyIocDemo\TinyIoCDemo.iOS\TinyIoCDemo.iOS.csproj", "{27503D84-463A-4FB4-B2B0-E069CFD3A2D9}"
EndProject
Project("{FAE04EC0-301F-11D3-BF4B-00C04F79EFBC}") = "TinyIoCDemo.Droid", "TinyIocDemo\TinyIoCDemo.Droid\TinyIoCDemo.Droid.csproj", "{CC351050-BAD0-4818-9E42-BEFC156679A8}"
EndProject
Project("{2150E333-8FDC-42A3-9474-1A3956D46DE8}") = "Unity", "Unity", "{20C49516-EFB3-4A57-8839-8D9E691A4FAC}"
EndProject
Project("{FAE04EC0-301F-11D3-BF4B-00C04F79EFBC}") = "UnityDemo.Droid", "UnityDemo\UnityDemo.Droid\UnityDemo.Droid.csproj", "{45C7D257-AADB-48F8-AEF6-F90BF95780AC}"
EndProject
Project("{FAE04EC0-301F-11D3-BF4B-00C04F79EFBC}") = "UnityDemo.iOS", "UnityDemo\UnityDemo.iOS\UnityDemo.iOS.csproj", "{41AC8872-3C15-484D-8AA2-9CEB8317BB2F}"
EndProject
Project("{2150E333-8FDC-42A3-9474-1A3956D46DE8}") = "~Core", "~Core", "{45FC0D0B-7D3C-42F5-9251-767A744A1659}"
EndProject
Project("{FAE04EC0-301F-11D3-BF4B-00C04F79EFBC}") = "IoCDemo.Core", "IoCDemo.Core\IoCDemo.Core.csproj", "{A569B240-87FD-421F-A0BC-6473F8203B51}"
EndProject
Project("{2150E333-8FDC-42A3-9474-1A3956D46DE8}") = "MvvmCross", "MvvmCross", "{D96AC51C-9559-4D6A-8305-3352C942A51A}"
EndProject
Project("{FAE04EC0-301F-11D3-BF4B-00C04F79EFBC}") = "MvvmCrossDemo.iOS", "MvvmCrossDemo\MvvmCrossDemo.iOS\MvvmCrossDemo.iOS.csproj", "{87A94352-0926-41EC-A765-AB1C4B10151F}"
EndProject
Project("{FAE04EC0-301F-11D3-BF4B-00C04F79EFBC}") = "MvvmCrossDemo.Droid", "MvvmCrossDemo\MvvmCrossDemo.Droid\MvvmCrossDemo.Droid.csproj", "{494414DD-5EB8-490B-A514-4A644CEC69C0}"
EndProject
Project("{2150E333-8FDC-42A3-9474-1A3956D46DE8}") = "Ninject", "Ninject", "{33F906E4-5DDA-4E3E-ABA4-3BB0956ECD5F}"
EndProject
Project("{FAE04EC0-301F-11D3-BF4B-00C04F79EFBC}") = "NinjectDemo.Droid", "NinjectDemo\NinjectDemo.Droid\NinjectDemo.Droid.csproj", "{06B3EF1C-A598-4D79-84E0-B6A43EF8E438}"
EndProject
Project("{FAE04EC0-301F-11D3-BF4B-00C04F79EFBC}") = "NinjectDemo.iOS", "NinjectDemo\NinjectDemo.iOS\NinjectDemo.iOS.csproj", "{39DFBFE4-84F7-4782-B2D7-EF700DB99182}"
EndProject
Project("{2150E333-8FDC-42A3-9474-1A3956D46DE8}") = "Forms", "Forms", "{74368E6A-417E-4144-9509-1B6FA37694FC}"
EndProject
Project("{2150E333-8FDC-42A3-9474-1A3956D46DE8}") = "MvvmLight", "MvvmLight", "{58BBA301-78ED-440B-8A24-0DF51F08D1EB}"
EndProject
Project("{FAE04EC0-301F-11D3-BF4B-00C04F79EFBC}") = "MvvmLightDemo.Forms", "MvvmLightDemo.Forms\MvvmLightDemo.Forms\MvvmLightDemo.Forms.csproj", "{F7CEA673-4C8B-4BDD-93DF-C5A267B41664}"
EndProject
Project("{FAE04EC0-301F-11D3-BF4B-00C04F79EFBC}") = "MvvmLightDemo.Forms.iOS", "MvvmLightDemo.Forms\MvvmLightDemo.Forms.iOS\MvvmLightDemo.Forms.iOS.csproj", "{CF36FD73-B393-4748-A291-4989E2D90FC9}"
EndProject
Project("{FAE04EC0-301F-11D3-BF4B-00C04F79EFBC}") = "MvvmLightDemo.Forms.Droid", "MvvmLightDemo.Forms\MvvmLightDemo.Forms.Droid\MvvmLightDemo.Forms.Droid.csproj", "{D232B808-34C2-4609-96F7-00314D99C50E}"
EndProject
Project("{FAE04EC0-301F-11D3-BF4B-00C04F79EFBC}") = "MvvmLightDemo.Forms.WinPhone", "MvvmLightDemo.Forms\MvvmLightDemo.Forms.WinPhone\MvvmLightDemo.Forms.WinPhone.csproj", "{7B9B19CA-D488-4868-8604-EA2DC21BE486}"
EndProject
Global
	GlobalSection(SolutionConfigurationPlatforms) = preSolution
		Ad-Hoc|Any CPU = Ad-Hoc|Any CPU
		Ad-Hoc|ARM = Ad-Hoc|ARM
		Ad-Hoc|iPhone = Ad-Hoc|iPhone
		Ad-Hoc|iPhoneSimulator = Ad-Hoc|iPhoneSimulator
		Ad-Hoc|Mixed Platforms = Ad-Hoc|Mixed Platforms
		Ad-Hoc|x86 = Ad-Hoc|x86
		AppStore|Any CPU = AppStore|Any CPU
		AppStore|ARM = AppStore|ARM
		AppStore|iPhone = AppStore|iPhone
		AppStore|iPhoneSimulator = AppStore|iPhoneSimulator
		AppStore|Mixed Platforms = AppStore|Mixed Platforms
		AppStore|x86 = AppStore|x86
		Debug|Any CPU = Debug|Any CPU
		Debug|ARM = Debug|ARM
		Debug|iPhone = Debug|iPhone
		Debug|iPhoneSimulator = Debug|iPhoneSimulator
		Debug|Mixed Platforms = Debug|Mixed Platforms
		Debug|x86 = Debug|x86
		Release|Any CPU = Release|Any CPU
		Release|ARM = Release|ARM
		Release|iPhone = Release|iPhone
		Release|iPhoneSimulator = Release|iPhoneSimulator
		Release|Mixed Platforms = Release|Mixed Platforms
		Release|x86 = Release|x86
	EndGlobalSection
	GlobalSection(ProjectConfigurationPlatforms) = postSolution
		{A7796FC7-FDB1-4701-A391-834BC7FD0784}.Ad-Hoc|Any CPU.ActiveCfg = Ad-Hoc|iPhoneSimulator
		{A7796FC7-FDB1-4701-A391-834BC7FD0784}.Ad-Hoc|ARM.ActiveCfg = Ad-Hoc|iPhoneSimulator
		{A7796FC7-FDB1-4701-A391-834BC7FD0784}.Ad-Hoc|iPhone.ActiveCfg = Ad-Hoc|iPhone
		{A7796FC7-FDB1-4701-A391-834BC7FD0784}.Ad-Hoc|iPhone.Build.0 = Ad-Hoc|iPhone
		{A7796FC7-FDB1-4701-A391-834BC7FD0784}.Ad-Hoc|iPhoneSimulator.ActiveCfg = Ad-Hoc|iPhoneSimulator
		{A7796FC7-FDB1-4701-A391-834BC7FD0784}.Ad-Hoc|iPhoneSimulator.Build.0 = Ad-Hoc|iPhoneSimulator
		{A7796FC7-FDB1-4701-A391-834BC7FD0784}.Ad-Hoc|Mixed Platforms.ActiveCfg = Ad-Hoc|iPhoneSimulator
		{A7796FC7-FDB1-4701-A391-834BC7FD0784}.Ad-Hoc|Mixed Platforms.Build.0 = Ad-Hoc|iPhoneSimulator
		{A7796FC7-FDB1-4701-A391-834BC7FD0784}.Ad-Hoc|x86.ActiveCfg = Ad-Hoc|iPhoneSimulator
		{A7796FC7-FDB1-4701-A391-834BC7FD0784}.AppStore|Any CPU.ActiveCfg = AppStore|iPhoneSimulator
		{A7796FC7-FDB1-4701-A391-834BC7FD0784}.AppStore|ARM.ActiveCfg = AppStore|iPhoneSimulator
		{A7796FC7-FDB1-4701-A391-834BC7FD0784}.AppStore|iPhone.ActiveCfg = AppStore|iPhone
		{A7796FC7-FDB1-4701-A391-834BC7FD0784}.AppStore|iPhone.Build.0 = AppStore|iPhone
		{A7796FC7-FDB1-4701-A391-834BC7FD0784}.AppStore|iPhoneSimulator.ActiveCfg = AppStore|iPhoneSimulator
		{A7796FC7-FDB1-4701-A391-834BC7FD0784}.AppStore|iPhoneSimulator.Build.0 = AppStore|iPhoneSimulator
		{A7796FC7-FDB1-4701-A391-834BC7FD0784}.AppStore|Mixed Platforms.ActiveCfg = AppStore|iPhoneSimulator
		{A7796FC7-FDB1-4701-A391-834BC7FD0784}.AppStore|Mixed Platforms.Build.0 = AppStore|iPhoneSimulator
		{A7796FC7-FDB1-4701-A391-834BC7FD0784}.AppStore|x86.ActiveCfg = AppStore|iPhoneSimulator
		{A7796FC7-FDB1-4701-A391-834BC7FD0784}.Debug|Any CPU.ActiveCfg = Debug|iPhoneSimulator
		{A7796FC7-FDB1-4701-A391-834BC7FD0784}.Debug|ARM.ActiveCfg = Debug|iPhone
		{A7796FC7-FDB1-4701-A391-834BC7FD0784}.Debug|iPhone.ActiveCfg = Debug|iPhone
		{A7796FC7-FDB1-4701-A391-834BC7FD0784}.Debug|iPhone.Build.0 = Debug|iPhone
		{A7796FC7-FDB1-4701-A391-834BC7FD0784}.Debug|iPhoneSimulator.ActiveCfg = Debug|iPhoneSimulator
		{A7796FC7-FDB1-4701-A391-834BC7FD0784}.Debug|Mixed Platforms.ActiveCfg = Debug|iPhone
		{A7796FC7-FDB1-4701-A391-834BC7FD0784}.Debug|Mixed Platforms.Build.0 = Debug|iPhone
		{A7796FC7-FDB1-4701-A391-834BC7FD0784}.Debug|x86.ActiveCfg = Debug|iPhone
		{A7796FC7-FDB1-4701-A391-834BC7FD0784}.Release|Any CPU.ActiveCfg = Release|iPhoneSimulator
		{A7796FC7-FDB1-4701-A391-834BC7FD0784}.Release|Any CPU.Build.0 = Release|iPhoneSimulator
		{A7796FC7-FDB1-4701-A391-834BC7FD0784}.Release|ARM.ActiveCfg = Release|iPhone
		{A7796FC7-FDB1-4701-A391-834BC7FD0784}.Release|iPhone.ActiveCfg = Release|iPhone
		{A7796FC7-FDB1-4701-A391-834BC7FD0784}.Release|iPhone.Build.0 = Release|iPhone
		{A7796FC7-FDB1-4701-A391-834BC7FD0784}.Release|iPhoneSimulator.ActiveCfg = Release|iPhoneSimulator
		{A7796FC7-FDB1-4701-A391-834BC7FD0784}.Release|iPhoneSimulator.Build.0 = Release|iPhoneSimulator
		{A7796FC7-FDB1-4701-A391-834BC7FD0784}.Release|Mixed Platforms.ActiveCfg = Release|iPhone
		{A7796FC7-FDB1-4701-A391-834BC7FD0784}.Release|Mixed Platforms.Build.0 = Release|iPhone
		{A7796FC7-FDB1-4701-A391-834BC7FD0784}.Release|x86.ActiveCfg = Release|iPhone
		{1F5500F1-68FB-4A5E-985E-1FF0B4CB9042}.Ad-Hoc|Any CPU.ActiveCfg = Release|Any CPU
		{1F5500F1-68FB-4A5E-985E-1FF0B4CB9042}.Ad-Hoc|Any CPU.Build.0 = Release|Any CPU
		{1F5500F1-68FB-4A5E-985E-1FF0B4CB9042}.Ad-Hoc|Any CPU.Deploy.0 = Release|Any CPU
		{1F5500F1-68FB-4A5E-985E-1FF0B4CB9042}.Ad-Hoc|ARM.ActiveCfg = Release|Any CPU
		{1F5500F1-68FB-4A5E-985E-1FF0B4CB9042}.Ad-Hoc|iPhone.ActiveCfg = Debug|Any CPU
		{1F5500F1-68FB-4A5E-985E-1FF0B4CB9042}.Ad-Hoc|iPhone.Build.0 = Debug|Any CPU
		{1F5500F1-68FB-4A5E-985E-1FF0B4CB9042}.Ad-Hoc|iPhoneSimulator.ActiveCfg = Release|Any CPU
		{1F5500F1-68FB-4A5E-985E-1FF0B4CB9042}.Ad-Hoc|Mixed Platforms.ActiveCfg = Release|Any CPU
		{1F5500F1-68FB-4A5E-985E-1FF0B4CB9042}.Ad-Hoc|Mixed Platforms.Build.0 = Release|Any CPU
		{1F5500F1-68FB-4A5E-985E-1FF0B4CB9042}.Ad-Hoc|Mixed Platforms.Deploy.0 = Release|Any CPU
		{1F5500F1-68FB-4A5E-985E-1FF0B4CB9042}.Ad-Hoc|x86.ActiveCfg = Release|Any CPU
		{1F5500F1-68FB-4A5E-985E-1FF0B4CB9042}.AppStore|Any CPU.ActiveCfg = Release|Any CPU
		{1F5500F1-68FB-4A5E-985E-1FF0B4CB9042}.AppStore|Any CPU.Build.0 = Release|Any CPU
		{1F5500F1-68FB-4A5E-985E-1FF0B4CB9042}.AppStore|Any CPU.Deploy.0 = Release|Any CPU
		{1F5500F1-68FB-4A5E-985E-1FF0B4CB9042}.AppStore|ARM.ActiveCfg = Release|Any CPU
		{1F5500F1-68FB-4A5E-985E-1FF0B4CB9042}.AppStore|iPhone.ActiveCfg = Debug|Any CPU
		{1F5500F1-68FB-4A5E-985E-1FF0B4CB9042}.AppStore|iPhone.Build.0 = Debug|Any CPU
		{1F5500F1-68FB-4A5E-985E-1FF0B4CB9042}.AppStore|iPhoneSimulator.ActiveCfg = Release|Any CPU
		{1F5500F1-68FB-4A5E-985E-1FF0B4CB9042}.AppStore|Mixed Platforms.ActiveCfg = Release|Any CPU
		{1F5500F1-68FB-4A5E-985E-1FF0B4CB9042}.AppStore|Mixed Platforms.Build.0 = Release|Any CPU
		{1F5500F1-68FB-4A5E-985E-1FF0B4CB9042}.AppStore|Mixed Platforms.Deploy.0 = Release|Any CPU
		{1F5500F1-68FB-4A5E-985E-1FF0B4CB9042}.AppStore|x86.ActiveCfg = Release|Any CPU
		{1F5500F1-68FB-4A5E-985E-1FF0B4CB9042}.Debug|Any CPU.ActiveCfg = Debug|Any CPU
		{1F5500F1-68FB-4A5E-985E-1FF0B4CB9042}.Debug|ARM.ActiveCfg = Debug|Any CPU
		{1F5500F1-68FB-4A5E-985E-1FF0B4CB9042}.Debug|iPhone.ActiveCfg = Debug|Any CPU
		{1F5500F1-68FB-4A5E-985E-1FF0B4CB9042}.Debug|iPhone.Build.0 = Debug|Any CPU
		{1F5500F1-68FB-4A5E-985E-1FF0B4CB9042}.Debug|iPhoneSimulator.ActiveCfg = Debug|Any CPU
		{1F5500F1-68FB-4A5E-985E-1FF0B4CB9042}.Debug|Mixed Platforms.ActiveCfg = Debug|Any CPU
		{1F5500F1-68FB-4A5E-985E-1FF0B4CB9042}.Debug|Mixed Platforms.Build.0 = Debug|Any CPU
		{1F5500F1-68FB-4A5E-985E-1FF0B4CB9042}.Debug|Mixed Platforms.Deploy.0 = Debug|Any CPU
		{1F5500F1-68FB-4A5E-985E-1FF0B4CB9042}.Debug|x86.ActiveCfg = Debug|Any CPU
		{1F5500F1-68FB-4A5E-985E-1FF0B4CB9042}.Release|Any CPU.ActiveCfg = Release|Any CPU
		{1F5500F1-68FB-4A5E-985E-1FF0B4CB9042}.Release|Any CPU.Build.0 = Release|Any CPU
		{1F5500F1-68FB-4A5E-985E-1FF0B4CB9042}.Release|ARM.ActiveCfg = Release|Any CPU
		{1F5500F1-68FB-4A5E-985E-1FF0B4CB9042}.Release|iPhone.ActiveCfg = Release|Any CPU
		{1F5500F1-68FB-4A5E-985E-1FF0B4CB9042}.Release|iPhone.Build.0 = Release|Any CPU
		{1F5500F1-68FB-4A5E-985E-1FF0B4CB9042}.Release|iPhoneSimulator.ActiveCfg = Release|Any CPU
		{1F5500F1-68FB-4A5E-985E-1FF0B4CB9042}.Release|iPhoneSimulator.Build.0 = Release|Any CPU
		{1F5500F1-68FB-4A5E-985E-1FF0B4CB9042}.Release|Mixed Platforms.ActiveCfg = Release|Any CPU
		{1F5500F1-68FB-4A5E-985E-1FF0B4CB9042}.Release|Mixed Platforms.Build.0 = Release|Any CPU
		{1F5500F1-68FB-4A5E-985E-1FF0B4CB9042}.Release|Mixed Platforms.Deploy.0 = Release|Any CPU
		{1F5500F1-68FB-4A5E-985E-1FF0B4CB9042}.Release|x86.ActiveCfg = Release|Any CPU
		{27503D84-463A-4FB4-B2B0-E069CFD3A2D9}.Ad-Hoc|Any CPU.ActiveCfg = Ad-Hoc|iPhoneSimulator
		{27503D84-463A-4FB4-B2B0-E069CFD3A2D9}.Ad-Hoc|ARM.ActiveCfg = Ad-Hoc|iPhoneSimulator
		{27503D84-463A-4FB4-B2B0-E069CFD3A2D9}.Ad-Hoc|iPhone.ActiveCfg = Ad-Hoc|iPhone
		{27503D84-463A-4FB4-B2B0-E069CFD3A2D9}.Ad-Hoc|iPhone.Build.0 = Ad-Hoc|iPhone
		{27503D84-463A-4FB4-B2B0-E069CFD3A2D9}.Ad-Hoc|iPhoneSimulator.ActiveCfg = Ad-Hoc|iPhoneSimulator
		{27503D84-463A-4FB4-B2B0-E069CFD3A2D9}.Ad-Hoc|iPhoneSimulator.Build.0 = Ad-Hoc|iPhoneSimulator
		{27503D84-463A-4FB4-B2B0-E069CFD3A2D9}.Ad-Hoc|Mixed Platforms.ActiveCfg = Ad-Hoc|iPhoneSimulator
		{27503D84-463A-4FB4-B2B0-E069CFD3A2D9}.Ad-Hoc|Mixed Platforms.Build.0 = Ad-Hoc|iPhoneSimulator
		{27503D84-463A-4FB4-B2B0-E069CFD3A2D9}.Ad-Hoc|x86.ActiveCfg = Ad-Hoc|iPhoneSimulator
		{27503D84-463A-4FB4-B2B0-E069CFD3A2D9}.AppStore|Any CPU.ActiveCfg = AppStore|iPhoneSimulator
		{27503D84-463A-4FB4-B2B0-E069CFD3A2D9}.AppStore|ARM.ActiveCfg = AppStore|iPhoneSimulator
		{27503D84-463A-4FB4-B2B0-E069CFD3A2D9}.AppStore|iPhone.ActiveCfg = AppStore|iPhone
		{27503D84-463A-4FB4-B2B0-E069CFD3A2D9}.AppStore|iPhone.Build.0 = AppStore|iPhone
		{27503D84-463A-4FB4-B2B0-E069CFD3A2D9}.AppStore|iPhoneSimulator.ActiveCfg = AppStore|iPhoneSimulator
		{27503D84-463A-4FB4-B2B0-E069CFD3A2D9}.AppStore|iPhoneSimulator.Build.0 = AppStore|iPhoneSimulator
		{27503D84-463A-4FB4-B2B0-E069CFD3A2D9}.AppStore|Mixed Platforms.ActiveCfg = AppStore|iPhoneSimulator
		{27503D84-463A-4FB4-B2B0-E069CFD3A2D9}.AppStore|Mixed Platforms.Build.0 = AppStore|iPhoneSimulator
		{27503D84-463A-4FB4-B2B0-E069CFD3A2D9}.AppStore|x86.ActiveCfg = AppStore|iPhoneSimulator
		{27503D84-463A-4FB4-B2B0-E069CFD3A2D9}.Debug|Any CPU.ActiveCfg = Debug|iPhoneSimulator
		{27503D84-463A-4FB4-B2B0-E069CFD3A2D9}.Debug|ARM.ActiveCfg = Debug|iPhone
		{27503D84-463A-4FB4-B2B0-E069CFD3A2D9}.Debug|iPhone.ActiveCfg = Debug|iPhone
		{27503D84-463A-4FB4-B2B0-E069CFD3A2D9}.Debug|iPhone.Build.0 = Debug|iPhone
		{27503D84-463A-4FB4-B2B0-E069CFD3A2D9}.Debug|iPhoneSimulator.ActiveCfg = Debug|iPhoneSimulator
		{27503D84-463A-4FB4-B2B0-E069CFD3A2D9}.Debug|Mixed Platforms.ActiveCfg = Debug|iPhone
		{27503D84-463A-4FB4-B2B0-E069CFD3A2D9}.Debug|Mixed Platforms.Build.0 = Debug|iPhone
		{27503D84-463A-4FB4-B2B0-E069CFD3A2D9}.Debug|x86.ActiveCfg = Debug|iPhone
		{27503D84-463A-4FB4-B2B0-E069CFD3A2D9}.Release|Any CPU.ActiveCfg = Release|iPhoneSimulator
		{27503D84-463A-4FB4-B2B0-E069CFD3A2D9}.Release|Any CPU.Build.0 = Release|iPhoneSimulator
		{27503D84-463A-4FB4-B2B0-E069CFD3A2D9}.Release|ARM.ActiveCfg = Release|iPhone
		{27503D84-463A-4FB4-B2B0-E069CFD3A2D9}.Release|iPhone.ActiveCfg = Release|iPhone
		{27503D84-463A-4FB4-B2B0-E069CFD3A2D9}.Release|iPhone.Build.0 = Release|iPhone
		{27503D84-463A-4FB4-B2B0-E069CFD3A2D9}.Release|iPhoneSimulator.ActiveCfg = Release|iPhoneSimulator
		{27503D84-463A-4FB4-B2B0-E069CFD3A2D9}.Release|iPhoneSimulator.Build.0 = Release|iPhoneSimulator
		{27503D84-463A-4FB4-B2B0-E069CFD3A2D9}.Release|Mixed Platforms.ActiveCfg = Release|iPhone
		{27503D84-463A-4FB4-B2B0-E069CFD3A2D9}.Release|Mixed Platforms.Build.0 = Release|iPhone
		{27503D84-463A-4FB4-B2B0-E069CFD3A2D9}.Release|x86.ActiveCfg = Release|iPhone
		{CC351050-BAD0-4818-9E42-BEFC156679A8}.Ad-Hoc|Any CPU.ActiveCfg = Release|Any CPU
		{CC351050-BAD0-4818-9E42-BEFC156679A8}.Ad-Hoc|Any CPU.Build.0 = Release|Any CPU
		{CC351050-BAD0-4818-9E42-BEFC156679A8}.Ad-Hoc|Any CPU.Deploy.0 = Release|Any CPU
		{CC351050-BAD0-4818-9E42-BEFC156679A8}.Ad-Hoc|ARM.ActiveCfg = Release|Any CPU
		{CC351050-BAD0-4818-9E42-BEFC156679A8}.Ad-Hoc|iPhone.ActiveCfg = Debug|Any CPU
		{CC351050-BAD0-4818-9E42-BEFC156679A8}.Ad-Hoc|iPhone.Build.0 = Debug|Any CPU
		{CC351050-BAD0-4818-9E42-BEFC156679A8}.Ad-Hoc|iPhoneSimulator.ActiveCfg = Release|Any CPU
		{CC351050-BAD0-4818-9E42-BEFC156679A8}.Ad-Hoc|Mixed Platforms.ActiveCfg = Release|Any CPU
		{CC351050-BAD0-4818-9E42-BEFC156679A8}.Ad-Hoc|Mixed Platforms.Build.0 = Release|Any CPU
		{CC351050-BAD0-4818-9E42-BEFC156679A8}.Ad-Hoc|Mixed Platforms.Deploy.0 = Release|Any CPU
		{CC351050-BAD0-4818-9E42-BEFC156679A8}.Ad-Hoc|x86.ActiveCfg = Release|Any CPU
		{CC351050-BAD0-4818-9E42-BEFC156679A8}.AppStore|Any CPU.ActiveCfg = Release|Any CPU
		{CC351050-BAD0-4818-9E42-BEFC156679A8}.AppStore|Any CPU.Build.0 = Release|Any CPU
		{CC351050-BAD0-4818-9E42-BEFC156679A8}.AppStore|Any CPU.Deploy.0 = Release|Any CPU
		{CC351050-BAD0-4818-9E42-BEFC156679A8}.AppStore|ARM.ActiveCfg = Release|Any CPU
		{CC351050-BAD0-4818-9E42-BEFC156679A8}.AppStore|iPhone.ActiveCfg = Debug|Any CPU
		{CC351050-BAD0-4818-9E42-BEFC156679A8}.AppStore|iPhone.Build.0 = Debug|Any CPU
		{CC351050-BAD0-4818-9E42-BEFC156679A8}.AppStore|iPhoneSimulator.ActiveCfg = Release|Any CPU
		{CC351050-BAD0-4818-9E42-BEFC156679A8}.AppStore|Mixed Platforms.ActiveCfg = Release|Any CPU
		{CC351050-BAD0-4818-9E42-BEFC156679A8}.AppStore|Mixed Platforms.Build.0 = Release|Any CPU
		{CC351050-BAD0-4818-9E42-BEFC156679A8}.AppStore|Mixed Platforms.Deploy.0 = Release|Any CPU
		{CC351050-BAD0-4818-9E42-BEFC156679A8}.AppStore|x86.ActiveCfg = Release|Any CPU
		{CC351050-BAD0-4818-9E42-BEFC156679A8}.Debug|Any CPU.ActiveCfg = Debug|Any CPU
		{CC351050-BAD0-4818-9E42-BEFC156679A8}.Debug|ARM.ActiveCfg = Debug|Any CPU
		{CC351050-BAD0-4818-9E42-BEFC156679A8}.Debug|iPhone.ActiveCfg = Debug|Any CPU
		{CC351050-BAD0-4818-9E42-BEFC156679A8}.Debug|iPhone.Build.0 = Debug|Any CPU
		{CC351050-BAD0-4818-9E42-BEFC156679A8}.Debug|iPhoneSimulator.ActiveCfg = Debug|Any CPU
		{CC351050-BAD0-4818-9E42-BEFC156679A8}.Debug|Mixed Platforms.ActiveCfg = Debug|Any CPU
		{CC351050-BAD0-4818-9E42-BEFC156679A8}.Debug|Mixed Platforms.Build.0 = Debug|Any CPU
		{CC351050-BAD0-4818-9E42-BEFC156679A8}.Debug|Mixed Platforms.Deploy.0 = Debug|Any CPU
		{CC351050-BAD0-4818-9E42-BEFC156679A8}.Debug|x86.ActiveCfg = Debug|Any CPU
		{CC351050-BAD0-4818-9E42-BEFC156679A8}.Release|Any CPU.ActiveCfg = Release|Any CPU
		{CC351050-BAD0-4818-9E42-BEFC156679A8}.Release|Any CPU.Build.0 = Release|Any CPU
		{CC351050-BAD0-4818-9E42-BEFC156679A8}.Release|ARM.ActiveCfg = Release|Any CPU
		{CC351050-BAD0-4818-9E42-BEFC156679A8}.Release|iPhone.ActiveCfg = Release|Any CPU
		{CC351050-BAD0-4818-9E42-BEFC156679A8}.Release|iPhone.Build.0 = Release|Any CPU
		{CC351050-BAD0-4818-9E42-BEFC156679A8}.Release|iPhoneSimulator.ActiveCfg = Release|Any CPU
		{CC351050-BAD0-4818-9E42-BEFC156679A8}.Release|iPhoneSimulator.Build.0 = Release|Any CPU
		{CC351050-BAD0-4818-9E42-BEFC156679A8}.Release|Mixed Platforms.ActiveCfg = Release|Any CPU
		{CC351050-BAD0-4818-9E42-BEFC156679A8}.Release|Mixed Platforms.Build.0 = Release|Any CPU
		{CC351050-BAD0-4818-9E42-BEFC156679A8}.Release|Mixed Platforms.Deploy.0 = Release|Any CPU
		{CC351050-BAD0-4818-9E42-BEFC156679A8}.Release|x86.ActiveCfg = Release|Any CPU
		{45C7D257-AADB-48F8-AEF6-F90BF95780AC}.Ad-Hoc|Any CPU.ActiveCfg = Release|Any CPU
		{45C7D257-AADB-48F8-AEF6-F90BF95780AC}.Ad-Hoc|Any CPU.Build.0 = Release|Any CPU
		{45C7D257-AADB-48F8-AEF6-F90BF95780AC}.Ad-Hoc|Any CPU.Deploy.0 = Release|Any CPU
		{45C7D257-AADB-48F8-AEF6-F90BF95780AC}.Ad-Hoc|ARM.ActiveCfg = Release|Any CPU
		{45C7D257-AADB-48F8-AEF6-F90BF95780AC}.Ad-Hoc|iPhone.ActiveCfg = Debug|Any CPU
		{45C7D257-AADB-48F8-AEF6-F90BF95780AC}.Ad-Hoc|iPhone.Build.0 = Debug|Any CPU
		{45C7D257-AADB-48F8-AEF6-F90BF95780AC}.Ad-Hoc|iPhoneSimulator.ActiveCfg = Release|Any CPU
		{45C7D257-AADB-48F8-AEF6-F90BF95780AC}.Ad-Hoc|Mixed Platforms.ActiveCfg = Release|Any CPU
		{45C7D257-AADB-48F8-AEF6-F90BF95780AC}.Ad-Hoc|Mixed Platforms.Build.0 = Release|Any CPU
		{45C7D257-AADB-48F8-AEF6-F90BF95780AC}.Ad-Hoc|Mixed Platforms.Deploy.0 = Release|Any CPU
		{45C7D257-AADB-48F8-AEF6-F90BF95780AC}.Ad-Hoc|x86.ActiveCfg = Release|Any CPU
		{45C7D257-AADB-48F8-AEF6-F90BF95780AC}.AppStore|Any CPU.ActiveCfg = Release|Any CPU
		{45C7D257-AADB-48F8-AEF6-F90BF95780AC}.AppStore|Any CPU.Build.0 = Release|Any CPU
		{45C7D257-AADB-48F8-AEF6-F90BF95780AC}.AppStore|Any CPU.Deploy.0 = Release|Any CPU
		{45C7D257-AADB-48F8-AEF6-F90BF95780AC}.AppStore|ARM.ActiveCfg = Release|Any CPU
		{45C7D257-AADB-48F8-AEF6-F90BF95780AC}.AppStore|iPhone.ActiveCfg = Debug|Any CPU
		{45C7D257-AADB-48F8-AEF6-F90BF95780AC}.AppStore|iPhone.Build.0 = Debug|Any CPU
		{45C7D257-AADB-48F8-AEF6-F90BF95780AC}.AppStore|iPhoneSimulator.ActiveCfg = Release|Any CPU
		{45C7D257-AADB-48F8-AEF6-F90BF95780AC}.AppStore|Mixed Platforms.ActiveCfg = Release|Any CPU
		{45C7D257-AADB-48F8-AEF6-F90BF95780AC}.AppStore|Mixed Platforms.Build.0 = Release|Any CPU
		{45C7D257-AADB-48F8-AEF6-F90BF95780AC}.AppStore|Mixed Platforms.Deploy.0 = Release|Any CPU
		{45C7D257-AADB-48F8-AEF6-F90BF95780AC}.AppStore|x86.ActiveCfg = Release|Any CPU
		{45C7D257-AADB-48F8-AEF6-F90BF95780AC}.Debug|Any CPU.ActiveCfg = Debug|Any CPU
		{45C7D257-AADB-48F8-AEF6-F90BF95780AC}.Debug|ARM.ActiveCfg = Debug|Any CPU
		{45C7D257-AADB-48F8-AEF6-F90BF95780AC}.Debug|iPhone.ActiveCfg = Debug|Any CPU
		{45C7D257-AADB-48F8-AEF6-F90BF95780AC}.Debug|iPhone.Build.0 = Debug|Any CPU
		{45C7D257-AADB-48F8-AEF6-F90BF95780AC}.Debug|iPhoneSimulator.ActiveCfg = Debug|Any CPU
		{45C7D257-AADB-48F8-AEF6-F90BF95780AC}.Debug|Mixed Platforms.ActiveCfg = Debug|Any CPU
		{45C7D257-AADB-48F8-AEF6-F90BF95780AC}.Debug|Mixed Platforms.Build.0 = Debug|Any CPU
		{45C7D257-AADB-48F8-AEF6-F90BF95780AC}.Debug|Mixed Platforms.Deploy.0 = Debug|Any CPU
		{45C7D257-AADB-48F8-AEF6-F90BF95780AC}.Debug|x86.ActiveCfg = Debug|Any CPU
		{45C7D257-AADB-48F8-AEF6-F90BF95780AC}.Release|Any CPU.ActiveCfg = Release|Any CPU
		{45C7D257-AADB-48F8-AEF6-F90BF95780AC}.Release|Any CPU.Build.0 = Release|Any CPU
		{45C7D257-AADB-48F8-AEF6-F90BF95780AC}.Release|ARM.ActiveCfg = Release|Any CPU
		{45C7D257-AADB-48F8-AEF6-F90BF95780AC}.Release|iPhone.ActiveCfg = Release|Any CPU
		{45C7D257-AADB-48F8-AEF6-F90BF95780AC}.Release|iPhone.Build.0 = Release|Any CPU
		{45C7D257-AADB-48F8-AEF6-F90BF95780AC}.Release|iPhoneSimulator.ActiveCfg = Release|Any CPU
		{45C7D257-AADB-48F8-AEF6-F90BF95780AC}.Release|iPhoneSimulator.Build.0 = Release|Any CPU
		{45C7D257-AADB-48F8-AEF6-F90BF95780AC}.Release|Mixed Platforms.ActiveCfg = Release|Any CPU
		{45C7D257-AADB-48F8-AEF6-F90BF95780AC}.Release|Mixed Platforms.Build.0 = Release|Any CPU
		{45C7D257-AADB-48F8-AEF6-F90BF95780AC}.Release|Mixed Platforms.Deploy.0 = Release|Any CPU
		{45C7D257-AADB-48F8-AEF6-F90BF95780AC}.Release|x86.ActiveCfg = Release|Any CPU
		{41AC8872-3C15-484D-8AA2-9CEB8317BB2F}.Ad-Hoc|Any CPU.ActiveCfg = Ad-Hoc|iPhoneSimulator
		{41AC8872-3C15-484D-8AA2-9CEB8317BB2F}.Ad-Hoc|ARM.ActiveCfg = Ad-Hoc|iPhoneSimulator
		{41AC8872-3C15-484D-8AA2-9CEB8317BB2F}.Ad-Hoc|iPhone.ActiveCfg = Ad-Hoc|iPhone
		{41AC8872-3C15-484D-8AA2-9CEB8317BB2F}.Ad-Hoc|iPhone.Build.0 = Ad-Hoc|iPhone
		{41AC8872-3C15-484D-8AA2-9CEB8317BB2F}.Ad-Hoc|iPhoneSimulator.ActiveCfg = Ad-Hoc|iPhoneSimulator
		{41AC8872-3C15-484D-8AA2-9CEB8317BB2F}.Ad-Hoc|iPhoneSimulator.Build.0 = Ad-Hoc|iPhoneSimulator
		{41AC8872-3C15-484D-8AA2-9CEB8317BB2F}.Ad-Hoc|Mixed Platforms.ActiveCfg = Ad-Hoc|iPhoneSimulator
		{41AC8872-3C15-484D-8AA2-9CEB8317BB2F}.Ad-Hoc|Mixed Platforms.Build.0 = Ad-Hoc|iPhoneSimulator
		{41AC8872-3C15-484D-8AA2-9CEB8317BB2F}.Ad-Hoc|x86.ActiveCfg = Ad-Hoc|iPhoneSimulator
		{41AC8872-3C15-484D-8AA2-9CEB8317BB2F}.AppStore|Any CPU.ActiveCfg = AppStore|iPhoneSimulator
		{41AC8872-3C15-484D-8AA2-9CEB8317BB2F}.AppStore|ARM.ActiveCfg = AppStore|iPhoneSimulator
		{41AC8872-3C15-484D-8AA2-9CEB8317BB2F}.AppStore|iPhone.ActiveCfg = AppStore|iPhone
		{41AC8872-3C15-484D-8AA2-9CEB8317BB2F}.AppStore|iPhone.Build.0 = AppStore|iPhone
		{41AC8872-3C15-484D-8AA2-9CEB8317BB2F}.AppStore|iPhoneSimulator.ActiveCfg = AppStore|iPhoneSimulator
		{41AC8872-3C15-484D-8AA2-9CEB8317BB2F}.AppStore|iPhoneSimulator.Build.0 = AppStore|iPhoneSimulator
		{41AC8872-3C15-484D-8AA2-9CEB8317BB2F}.AppStore|Mixed Platforms.ActiveCfg = AppStore|iPhoneSimulator
		{41AC8872-3C15-484D-8AA2-9CEB8317BB2F}.AppStore|Mixed Platforms.Build.0 = AppStore|iPhoneSimulator
		{41AC8872-3C15-484D-8AA2-9CEB8317BB2F}.AppStore|x86.ActiveCfg = AppStore|iPhoneSimulator
		{41AC8872-3C15-484D-8AA2-9CEB8317BB2F}.Debug|Any CPU.ActiveCfg = Debug|iPhoneSimulator
		{41AC8872-3C15-484D-8AA2-9CEB8317BB2F}.Debug|ARM.ActiveCfg = Debug|iPhone
		{41AC8872-3C15-484D-8AA2-9CEB8317BB2F}.Debug|iPhone.ActiveCfg = Debug|iPhone
		{41AC8872-3C15-484D-8AA2-9CEB8317BB2F}.Debug|iPhone.Build.0 = Debug|iPhone
		{41AC8872-3C15-484D-8AA2-9CEB8317BB2F}.Debug|iPhoneSimulator.ActiveCfg = Debug|iPhoneSimulator
		{41AC8872-3C15-484D-8AA2-9CEB8317BB2F}.Debug|Mixed Platforms.ActiveCfg = Debug|iPhone
		{41AC8872-3C15-484D-8AA2-9CEB8317BB2F}.Debug|Mixed Platforms.Build.0 = Debug|iPhone
		{41AC8872-3C15-484D-8AA2-9CEB8317BB2F}.Debug|x86.ActiveCfg = Debug|iPhone
		{41AC8872-3C15-484D-8AA2-9CEB8317BB2F}.Release|Any CPU.ActiveCfg = Release|iPhoneSimulator
		{41AC8872-3C15-484D-8AA2-9CEB8317BB2F}.Release|Any CPU.Build.0 = Release|iPhoneSimulator
		{41AC8872-3C15-484D-8AA2-9CEB8317BB2F}.Release|ARM.ActiveCfg = Release|iPhone
		{41AC8872-3C15-484D-8AA2-9CEB8317BB2F}.Release|iPhone.ActiveCfg = Release|iPhone
		{41AC8872-3C15-484D-8AA2-9CEB8317BB2F}.Release|iPhone.Build.0 = Release|iPhone
		{41AC8872-3C15-484D-8AA2-9CEB8317BB2F}.Release|iPhoneSimulator.ActiveCfg = Release|iPhoneSimulator
		{41AC8872-3C15-484D-8AA2-9CEB8317BB2F}.Release|iPhoneSimulator.Build.0 = Release|iPhoneSimulator
		{41AC8872-3C15-484D-8AA2-9CEB8317BB2F}.Release|Mixed Platforms.ActiveCfg = Release|iPhone
		{41AC8872-3C15-484D-8AA2-9CEB8317BB2F}.Release|Mixed Platforms.Build.0 = Release|iPhone
		{41AC8872-3C15-484D-8AA2-9CEB8317BB2F}.Release|x86.ActiveCfg = Release|iPhone
		{A569B240-87FD-421F-A0BC-6473F8203B51}.Ad-Hoc|Any CPU.ActiveCfg = Release|Any CPU
		{A569B240-87FD-421F-A0BC-6473F8203B51}.Ad-Hoc|Any CPU.Build.0 = Release|Any CPU
		{A569B240-87FD-421F-A0BC-6473F8203B51}.Ad-Hoc|ARM.ActiveCfg = Release|Any CPU
		{A569B240-87FD-421F-A0BC-6473F8203B51}.Ad-Hoc|iPhone.ActiveCfg = Debug|Any CPU
		{A569B240-87FD-421F-A0BC-6473F8203B51}.Ad-Hoc|iPhone.Build.0 = Debug|Any CPU
		{A569B240-87FD-421F-A0BC-6473F8203B51}.Ad-Hoc|iPhoneSimulator.ActiveCfg = Release|Any CPU
		{A569B240-87FD-421F-A0BC-6473F8203B51}.Ad-Hoc|Mixed Platforms.ActiveCfg = Release|Any CPU
		{A569B240-87FD-421F-A0BC-6473F8203B51}.Ad-Hoc|Mixed Platforms.Build.0 = Release|Any CPU
		{A569B240-87FD-421F-A0BC-6473F8203B51}.Ad-Hoc|x86.ActiveCfg = Release|Any CPU
		{A569B240-87FD-421F-A0BC-6473F8203B51}.AppStore|Any CPU.ActiveCfg = Release|Any CPU
		{A569B240-87FD-421F-A0BC-6473F8203B51}.AppStore|Any CPU.Build.0 = Release|Any CPU
		{A569B240-87FD-421F-A0BC-6473F8203B51}.AppStore|ARM.ActiveCfg = Release|Any CPU
		{A569B240-87FD-421F-A0BC-6473F8203B51}.AppStore|iPhone.ActiveCfg = Debug|Any CPU
		{A569B240-87FD-421F-A0BC-6473F8203B51}.AppStore|iPhone.Build.0 = Debug|Any CPU
		{A569B240-87FD-421F-A0BC-6473F8203B51}.AppStore|iPhoneSimulator.ActiveCfg = Release|Any CPU
		{A569B240-87FD-421F-A0BC-6473F8203B51}.AppStore|Mixed Platforms.ActiveCfg = Release|Any CPU
		{A569B240-87FD-421F-A0BC-6473F8203B51}.AppStore|Mixed Platforms.Build.0 = Release|Any CPU
		{A569B240-87FD-421F-A0BC-6473F8203B51}.AppStore|x86.ActiveCfg = Release|Any CPU
		{A569B240-87FD-421F-A0BC-6473F8203B51}.Debug|Any CPU.ActiveCfg = Debug|Any CPU
		{A569B240-87FD-421F-A0BC-6473F8203B51}.Debug|Any CPU.Build.0 = Debug|Any CPU
		{A569B240-87FD-421F-A0BC-6473F8203B51}.Debug|ARM.ActiveCfg = Debug|Any CPU
		{A569B240-87FD-421F-A0BC-6473F8203B51}.Debug|iPhone.ActiveCfg = Debug|Any CPU
		{A569B240-87FD-421F-A0BC-6473F8203B51}.Debug|iPhone.Build.0 = Debug|Any CPU
		{A569B240-87FD-421F-A0BC-6473F8203B51}.Debug|iPhoneSimulator.ActiveCfg = Debug|Any CPU
		{A569B240-87FD-421F-A0BC-6473F8203B51}.Debug|iPhoneSimulator.Build.0 = Debug|Any CPU
		{A569B240-87FD-421F-A0BC-6473F8203B51}.Debug|Mixed Platforms.ActiveCfg = Debug|Any CPU
		{A569B240-87FD-421F-A0BC-6473F8203B51}.Debug|Mixed Platforms.Build.0 = Debug|Any CPU
		{A569B240-87FD-421F-A0BC-6473F8203B51}.Debug|x86.ActiveCfg = Debug|Any CPU
		{A569B240-87FD-421F-A0BC-6473F8203B51}.Release|Any CPU.ActiveCfg = Release|Any CPU
		{A569B240-87FD-421F-A0BC-6473F8203B51}.Release|Any CPU.Build.0 = Release|Any CPU
		{A569B240-87FD-421F-A0BC-6473F8203B51}.Release|ARM.ActiveCfg = Release|Any CPU
		{A569B240-87FD-421F-A0BC-6473F8203B51}.Release|iPhone.ActiveCfg = Release|Any CPU
		{A569B240-87FD-421F-A0BC-6473F8203B51}.Release|iPhone.Build.0 = Release|Any CPU
		{A569B240-87FD-421F-A0BC-6473F8203B51}.Release|iPhoneSimulator.ActiveCfg = Release|Any CPU
		{A569B240-87FD-421F-A0BC-6473F8203B51}.Release|iPhoneSimulator.Build.0 = Release|Any CPU
		{A569B240-87FD-421F-A0BC-6473F8203B51}.Release|Mixed Platforms.ActiveCfg = Release|Any CPU
		{A569B240-87FD-421F-A0BC-6473F8203B51}.Release|Mixed Platforms.Build.0 = Release|Any CPU
		{A569B240-87FD-421F-A0BC-6473F8203B51}.Release|x86.ActiveCfg = Release|Any CPU
		{87A94352-0926-41EC-A765-AB1C4B10151F}.Ad-Hoc|Any CPU.ActiveCfg = Ad-Hoc|iPhoneSimulator
		{87A94352-0926-41EC-A765-AB1C4B10151F}.Ad-Hoc|ARM.ActiveCfg = Ad-Hoc|iPhoneSimulator
		{87A94352-0926-41EC-A765-AB1C4B10151F}.Ad-Hoc|iPhone.ActiveCfg = Ad-Hoc|iPhone
		{87A94352-0926-41EC-A765-AB1C4B10151F}.Ad-Hoc|iPhone.Build.0 = Ad-Hoc|iPhone
		{87A94352-0926-41EC-A765-AB1C4B10151F}.Ad-Hoc|iPhoneSimulator.ActiveCfg = Ad-Hoc|iPhoneSimulator
		{87A94352-0926-41EC-A765-AB1C4B10151F}.Ad-Hoc|iPhoneSimulator.Build.0 = Ad-Hoc|iPhoneSimulator
		{87A94352-0926-41EC-A765-AB1C4B10151F}.Ad-Hoc|Mixed Platforms.ActiveCfg = Ad-Hoc|iPhoneSimulator
		{87A94352-0926-41EC-A765-AB1C4B10151F}.Ad-Hoc|Mixed Platforms.Build.0 = Ad-Hoc|iPhoneSimulator
		{87A94352-0926-41EC-A765-AB1C4B10151F}.Ad-Hoc|x86.ActiveCfg = Ad-Hoc|iPhoneSimulator
		{87A94352-0926-41EC-A765-AB1C4B10151F}.AppStore|Any CPU.ActiveCfg = AppStore|iPhoneSimulator
		{87A94352-0926-41EC-A765-AB1C4B10151F}.AppStore|ARM.ActiveCfg = AppStore|iPhoneSimulator
		{87A94352-0926-41EC-A765-AB1C4B10151F}.AppStore|iPhone.ActiveCfg = AppStore|iPhone
		{87A94352-0926-41EC-A765-AB1C4B10151F}.AppStore|iPhone.Build.0 = AppStore|iPhone
		{87A94352-0926-41EC-A765-AB1C4B10151F}.AppStore|iPhoneSimulator.ActiveCfg = AppStore|iPhoneSimulator
		{87A94352-0926-41EC-A765-AB1C4B10151F}.AppStore|iPhoneSimulator.Build.0 = AppStore|iPhoneSimulator
		{87A94352-0926-41EC-A765-AB1C4B10151F}.AppStore|Mixed Platforms.ActiveCfg = AppStore|iPhoneSimulator
		{87A94352-0926-41EC-A765-AB1C4B10151F}.AppStore|Mixed Platforms.Build.0 = AppStore|iPhoneSimulator
		{87A94352-0926-41EC-A765-AB1C4B10151F}.AppStore|x86.ActiveCfg = AppStore|iPhoneSimulator
		{87A94352-0926-41EC-A765-AB1C4B10151F}.Debug|Any CPU.ActiveCfg = Debug|iPhoneSimulator
		{87A94352-0926-41EC-A765-AB1C4B10151F}.Debug|ARM.ActiveCfg = Debug|iPhone
		{87A94352-0926-41EC-A765-AB1C4B10151F}.Debug|iPhone.ActiveCfg = Debug|iPhone
		{87A94352-0926-41EC-A765-AB1C4B10151F}.Debug|iPhone.Build.0 = Debug|iPhone
		{87A94352-0926-41EC-A765-AB1C4B10151F}.Debug|iPhoneSimulator.ActiveCfg = Debug|iPhoneSimulator
		{87A94352-0926-41EC-A765-AB1C4B10151F}.Debug|Mixed Platforms.ActiveCfg = Debug|iPhone
		{87A94352-0926-41EC-A765-AB1C4B10151F}.Debug|Mixed Platforms.Build.0 = Debug|iPhone
		{87A94352-0926-41EC-A765-AB1C4B10151F}.Debug|x86.ActiveCfg = Debug|iPhone
		{87A94352-0926-41EC-A765-AB1C4B10151F}.Release|Any CPU.ActiveCfg = Release|iPhoneSimulator
		{87A94352-0926-41EC-A765-AB1C4B10151F}.Release|Any CPU.Build.0 = Release|iPhoneSimulator
		{87A94352-0926-41EC-A765-AB1C4B10151F}.Release|ARM.ActiveCfg = Release|iPhone
		{87A94352-0926-41EC-A765-AB1C4B10151F}.Release|iPhone.ActiveCfg = Release|iPhone
		{87A94352-0926-41EC-A765-AB1C4B10151F}.Release|iPhone.Build.0 = Release|iPhone
		{87A94352-0926-41EC-A765-AB1C4B10151F}.Release|iPhoneSimulator.ActiveCfg = Release|iPhoneSimulator
		{87A94352-0926-41EC-A765-AB1C4B10151F}.Release|iPhoneSimulator.Build.0 = Release|iPhoneSimulator
		{87A94352-0926-41EC-A765-AB1C4B10151F}.Release|Mixed Platforms.ActiveCfg = Release|iPhone
		{87A94352-0926-41EC-A765-AB1C4B10151F}.Release|Mixed Platforms.Build.0 = Release|iPhone
		{87A94352-0926-41EC-A765-AB1C4B10151F}.Release|x86.ActiveCfg = Release|iPhone
		{494414DD-5EB8-490B-A514-4A644CEC69C0}.Ad-Hoc|Any CPU.ActiveCfg = Debug|Any CPU
		{494414DD-5EB8-490B-A514-4A644CEC69C0}.Ad-Hoc|Any CPU.Build.0 = Debug|Any CPU
		{494414DD-5EB8-490B-A514-4A644CEC69C0}.Ad-Hoc|Any CPU.Deploy.0 = Debug|Any CPU
		{494414DD-5EB8-490B-A514-4A644CEC69C0}.Ad-Hoc|ARM.ActiveCfg = Debug|Any CPU
		{494414DD-5EB8-490B-A514-4A644CEC69C0}.Ad-Hoc|iPhone.ActiveCfg = Release|Any CPU
		{494414DD-5EB8-490B-A514-4A644CEC69C0}.Ad-Hoc|iPhone.Build.0 = Release|Any CPU
		{494414DD-5EB8-490B-A514-4A644CEC69C0}.Ad-Hoc|iPhoneSimulator.ActiveCfg = Debug|Any CPU
		{494414DD-5EB8-490B-A514-4A644CEC69C0}.Ad-Hoc|Mixed Platforms.ActiveCfg = Debug|Any CPU
		{494414DD-5EB8-490B-A514-4A644CEC69C0}.Ad-Hoc|Mixed Platforms.Build.0 = Debug|Any CPU
		{494414DD-5EB8-490B-A514-4A644CEC69C0}.Ad-Hoc|Mixed Platforms.Deploy.0 = Debug|Any CPU
		{494414DD-5EB8-490B-A514-4A644CEC69C0}.Ad-Hoc|x86.ActiveCfg = Debug|Any CPU
		{494414DD-5EB8-490B-A514-4A644CEC69C0}.AppStore|Any CPU.ActiveCfg = Debug|Any CPU
		{494414DD-5EB8-490B-A514-4A644CEC69C0}.AppStore|Any CPU.Build.0 = Debug|Any CPU
		{494414DD-5EB8-490B-A514-4A644CEC69C0}.AppStore|Any CPU.Deploy.0 = Debug|Any CPU
		{494414DD-5EB8-490B-A514-4A644CEC69C0}.AppStore|ARM.ActiveCfg = Debug|Any CPU
		{494414DD-5EB8-490B-A514-4A644CEC69C0}.AppStore|iPhone.ActiveCfg = Release|Any CPU
		{494414DD-5EB8-490B-A514-4A644CEC69C0}.AppStore|iPhone.Build.0 = Release|Any CPU
		{494414DD-5EB8-490B-A514-4A644CEC69C0}.AppStore|iPhoneSimulator.ActiveCfg = Debug|Any CPU
		{494414DD-5EB8-490B-A514-4A644CEC69C0}.AppStore|Mixed Platforms.ActiveCfg = Debug|Any CPU
		{494414DD-5EB8-490B-A514-4A644CEC69C0}.AppStore|Mixed Platforms.Build.0 = Debug|Any CPU
		{494414DD-5EB8-490B-A514-4A644CEC69C0}.AppStore|Mixed Platforms.Deploy.0 = Debug|Any CPU
		{494414DD-5EB8-490B-A514-4A644CEC69C0}.AppStore|x86.ActiveCfg = Debug|Any CPU
		{494414DD-5EB8-490B-A514-4A644CEC69C0}.Debug|Any CPU.ActiveCfg = Debug|Any CPU
		{494414DD-5EB8-490B-A514-4A644CEC69C0}.Debug|ARM.ActiveCfg = Debug|Any CPU
		{494414DD-5EB8-490B-A514-4A644CEC69C0}.Debug|iPhone.ActiveCfg = Debug|Any CPU
		{494414DD-5EB8-490B-A514-4A644CEC69C0}.Debug|iPhone.Build.0 = Debug|Any CPU
		{494414DD-5EB8-490B-A514-4A644CEC69C0}.Debug|iPhoneSimulator.ActiveCfg = Debug|Any CPU
		{494414DD-5EB8-490B-A514-4A644CEC69C0}.Debug|Mixed Platforms.ActiveCfg = Debug|Any CPU
		{494414DD-5EB8-490B-A514-4A644CEC69C0}.Debug|Mixed Platforms.Build.0 = Debug|Any CPU
		{494414DD-5EB8-490B-A514-4A644CEC69C0}.Debug|Mixed Platforms.Deploy.0 = Debug|Any CPU
		{494414DD-5EB8-490B-A514-4A644CEC69C0}.Debug|x86.ActiveCfg = Debug|Any CPU
		{494414DD-5EB8-490B-A514-4A644CEC69C0}.Release|Any CPU.ActiveCfg = Release|Any CPU
		{494414DD-5EB8-490B-A514-4A644CEC69C0}.Release|Any CPU.Build.0 = Release|Any CPU
		{494414DD-5EB8-490B-A514-4A644CEC69C0}.Release|ARM.ActiveCfg = Release|Any CPU
		{494414DD-5EB8-490B-A514-4A644CEC69C0}.Release|iPhone.ActiveCfg = Release|Any CPU
		{494414DD-5EB8-490B-A514-4A644CEC69C0}.Release|iPhone.Build.0 = Release|Any CPU
		{494414DD-5EB8-490B-A514-4A644CEC69C0}.Release|iPhoneSimulator.ActiveCfg = Release|Any CPU
		{494414DD-5EB8-490B-A514-4A644CEC69C0}.Release|iPhoneSimulator.Build.0 = Release|Any CPU
		{494414DD-5EB8-490B-A514-4A644CEC69C0}.Release|Mixed Platforms.ActiveCfg = Release|Any CPU
		{494414DD-5EB8-490B-A514-4A644CEC69C0}.Release|Mixed Platforms.Build.0 = Release|Any CPU
		{494414DD-5EB8-490B-A514-4A644CEC69C0}.Release|Mixed Platforms.Deploy.0 = Release|Any CPU
		{494414DD-5EB8-490B-A514-4A644CEC69C0}.Release|x86.ActiveCfg = Release|Any CPU
		{06B3EF1C-A598-4D79-84E0-B6A43EF8E438}.Ad-Hoc|Any CPU.ActiveCfg = Debug|Any CPU
		{06B3EF1C-A598-4D79-84E0-B6A43EF8E438}.Ad-Hoc|Any CPU.Build.0 = Debug|Any CPU
		{06B3EF1C-A598-4D79-84E0-B6A43EF8E438}.Ad-Hoc|Any CPU.Deploy.0 = Debug|Any CPU
		{06B3EF1C-A598-4D79-84E0-B6A43EF8E438}.Ad-Hoc|ARM.ActiveCfg = Debug|Any CPU
		{06B3EF1C-A598-4D79-84E0-B6A43EF8E438}.Ad-Hoc|iPhone.ActiveCfg = Release|Any CPU
		{06B3EF1C-A598-4D79-84E0-B6A43EF8E438}.Ad-Hoc|iPhone.Build.0 = Release|Any CPU
		{06B3EF1C-A598-4D79-84E0-B6A43EF8E438}.Ad-Hoc|iPhoneSimulator.ActiveCfg = Debug|Any CPU
		{06B3EF1C-A598-4D79-84E0-B6A43EF8E438}.Ad-Hoc|Mixed Platforms.ActiveCfg = Debug|Any CPU
		{06B3EF1C-A598-4D79-84E0-B6A43EF8E438}.Ad-Hoc|Mixed Platforms.Build.0 = Debug|Any CPU
		{06B3EF1C-A598-4D79-84E0-B6A43EF8E438}.Ad-Hoc|Mixed Platforms.Deploy.0 = Debug|Any CPU
		{06B3EF1C-A598-4D79-84E0-B6A43EF8E438}.Ad-Hoc|x86.ActiveCfg = Debug|Any CPU
		{06B3EF1C-A598-4D79-84E0-B6A43EF8E438}.AppStore|Any CPU.ActiveCfg = Debug|Any CPU
		{06B3EF1C-A598-4D79-84E0-B6A43EF8E438}.AppStore|Any CPU.Build.0 = Debug|Any CPU
		{06B3EF1C-A598-4D79-84E0-B6A43EF8E438}.AppStore|Any CPU.Deploy.0 = Debug|Any CPU
		{06B3EF1C-A598-4D79-84E0-B6A43EF8E438}.AppStore|ARM.ActiveCfg = Debug|Any CPU
		{06B3EF1C-A598-4D79-84E0-B6A43EF8E438}.AppStore|iPhone.ActiveCfg = Release|Any CPU
		{06B3EF1C-A598-4D79-84E0-B6A43EF8E438}.AppStore|iPhone.Build.0 = Release|Any CPU
		{06B3EF1C-A598-4D79-84E0-B6A43EF8E438}.AppStore|iPhoneSimulator.ActiveCfg = Debug|Any CPU
		{06B3EF1C-A598-4D79-84E0-B6A43EF8E438}.AppStore|Mixed Platforms.ActiveCfg = Debug|Any CPU
		{06B3EF1C-A598-4D79-84E0-B6A43EF8E438}.AppStore|Mixed Platforms.Build.0 = Debug|Any CPU
		{06B3EF1C-A598-4D79-84E0-B6A43EF8E438}.AppStore|Mixed Platforms.Deploy.0 = Debug|Any CPU
		{06B3EF1C-A598-4D79-84E0-B6A43EF8E438}.AppStore|x86.ActiveCfg = Debug|Any CPU
		{06B3EF1C-A598-4D79-84E0-B6A43EF8E438}.Debug|Any CPU.ActiveCfg = Debug|Any CPU
		{06B3EF1C-A598-4D79-84E0-B6A43EF8E438}.Debug|ARM.ActiveCfg = Debug|Any CPU
		{06B3EF1C-A598-4D79-84E0-B6A43EF8E438}.Debug|iPhone.ActiveCfg = Debug|Any CPU
		{06B3EF1C-A598-4D79-84E0-B6A43EF8E438}.Debug|iPhone.Build.0 = Debug|Any CPU
		{06B3EF1C-A598-4D79-84E0-B6A43EF8E438}.Debug|iPhoneSimulator.ActiveCfg = Debug|Any CPU
		{06B3EF1C-A598-4D79-84E0-B6A43EF8E438}.Debug|Mixed Platforms.ActiveCfg = Debug|Any CPU
		{06B3EF1C-A598-4D79-84E0-B6A43EF8E438}.Debug|Mixed Platforms.Build.0 = Debug|Any CPU
		{06B3EF1C-A598-4D79-84E0-B6A43EF8E438}.Debug|Mixed Platforms.Deploy.0 = Debug|Any CPU
		{06B3EF1C-A598-4D79-84E0-B6A43EF8E438}.Debug|x86.ActiveCfg = Debug|Any CPU
		{06B3EF1C-A598-4D79-84E0-B6A43EF8E438}.Release|Any CPU.ActiveCfg = Release|Any CPU
		{06B3EF1C-A598-4D79-84E0-B6A43EF8E438}.Release|Any CPU.Build.0 = Release|Any CPU
		{06B3EF1C-A598-4D79-84E0-B6A43EF8E438}.Release|ARM.ActiveCfg = Release|Any CPU
		{06B3EF1C-A598-4D79-84E0-B6A43EF8E438}.Release|iPhone.ActiveCfg = Release|Any CPU
		{06B3EF1C-A598-4D79-84E0-B6A43EF8E438}.Release|iPhone.Build.0 = Release|Any CPU
		{06B3EF1C-A598-4D79-84E0-B6A43EF8E438}.Release|iPhoneSimulator.ActiveCfg = Release|Any CPU
		{06B3EF1C-A598-4D79-84E0-B6A43EF8E438}.Release|iPhoneSimulator.Build.0 = Release|Any CPU
		{06B3EF1C-A598-4D79-84E0-B6A43EF8E438}.Release|Mixed Platforms.ActiveCfg = Release|Any CPU
		{06B3EF1C-A598-4D79-84E0-B6A43EF8E438}.Release|Mixed Platforms.Build.0 = Release|Any CPU
		{06B3EF1C-A598-4D79-84E0-B6A43EF8E438}.Release|Mixed Platforms.Deploy.0 = Release|Any CPU
		{06B3EF1C-A598-4D79-84E0-B6A43EF8E438}.Release|x86.ActiveCfg = Release|Any CPU
		{39DFBFE4-84F7-4782-B2D7-EF700DB99182}.Ad-Hoc|Any CPU.ActiveCfg = Ad-Hoc|iPhoneSimulator
		{39DFBFE4-84F7-4782-B2D7-EF700DB99182}.Ad-Hoc|ARM.ActiveCfg = Ad-Hoc|iPhoneSimulator
		{39DFBFE4-84F7-4782-B2D7-EF700DB99182}.Ad-Hoc|iPhone.ActiveCfg = Ad-Hoc|iPhone
		{39DFBFE4-84F7-4782-B2D7-EF700DB99182}.Ad-Hoc|iPhone.Build.0 = Ad-Hoc|iPhone
		{39DFBFE4-84F7-4782-B2D7-EF700DB99182}.Ad-Hoc|iPhoneSimulator.ActiveCfg = Ad-Hoc|iPhoneSimulator
		{39DFBFE4-84F7-4782-B2D7-EF700DB99182}.Ad-Hoc|iPhoneSimulator.Build.0 = Ad-Hoc|iPhoneSimulator
		{39DFBFE4-84F7-4782-B2D7-EF700DB99182}.Ad-Hoc|Mixed Platforms.ActiveCfg = Ad-Hoc|iPhoneSimulator
		{39DFBFE4-84F7-4782-B2D7-EF700DB99182}.Ad-Hoc|Mixed Platforms.Build.0 = Ad-Hoc|iPhoneSimulator
		{39DFBFE4-84F7-4782-B2D7-EF700DB99182}.Ad-Hoc|x86.ActiveCfg = Ad-Hoc|iPhoneSimulator
		{39DFBFE4-84F7-4782-B2D7-EF700DB99182}.AppStore|Any CPU.ActiveCfg = AppStore|iPhoneSimulator
		{39DFBFE4-84F7-4782-B2D7-EF700DB99182}.AppStore|ARM.ActiveCfg = AppStore|iPhoneSimulator
		{39DFBFE4-84F7-4782-B2D7-EF700DB99182}.AppStore|iPhone.ActiveCfg = AppStore|iPhone
		{39DFBFE4-84F7-4782-B2D7-EF700DB99182}.AppStore|iPhone.Build.0 = AppStore|iPhone
		{39DFBFE4-84F7-4782-B2D7-EF700DB99182}.AppStore|iPhoneSimulator.ActiveCfg = AppStore|iPhoneSimulator
		{39DFBFE4-84F7-4782-B2D7-EF700DB99182}.AppStore|iPhoneSimulator.Build.0 = AppStore|iPhoneSimulator
		{39DFBFE4-84F7-4782-B2D7-EF700DB99182}.AppStore|Mixed Platforms.ActiveCfg = AppStore|iPhoneSimulator
		{39DFBFE4-84F7-4782-B2D7-EF700DB99182}.AppStore|Mixed Platforms.Build.0 = AppStore|iPhoneSimulator
		{39DFBFE4-84F7-4782-B2D7-EF700DB99182}.AppStore|x86.ActiveCfg = AppStore|iPhoneSimulator
		{39DFBFE4-84F7-4782-B2D7-EF700DB99182}.Debug|Any CPU.ActiveCfg = Debug|iPhoneSimulator
		{39DFBFE4-84F7-4782-B2D7-EF700DB99182}.Debug|ARM.ActiveCfg = Debug|iPhone
		{39DFBFE4-84F7-4782-B2D7-EF700DB99182}.Debug|iPhone.ActiveCfg = Debug|iPhone
		{39DFBFE4-84F7-4782-B2D7-EF700DB99182}.Debug|iPhone.Build.0 = Debug|iPhone
		{39DFBFE4-84F7-4782-B2D7-EF700DB99182}.Debug|iPhoneSimulator.ActiveCfg = Debug|iPhoneSimulator
		{39DFBFE4-84F7-4782-B2D7-EF700DB99182}.Debug|Mixed Platforms.ActiveCfg = Debug|iPhone
		{39DFBFE4-84F7-4782-B2D7-EF700DB99182}.Debug|Mixed Platforms.Build.0 = Debug|iPhone
		{39DFBFE4-84F7-4782-B2D7-EF700DB99182}.Debug|x86.ActiveCfg = Debug|iPhone
		{39DFBFE4-84F7-4782-B2D7-EF700DB99182}.Release|Any CPU.ActiveCfg = Release|iPhoneSimulator
		{39DFBFE4-84F7-4782-B2D7-EF700DB99182}.Release|Any CPU.Build.0 = Release|iPhoneSimulator
		{39DFBFE4-84F7-4782-B2D7-EF700DB99182}.Release|ARM.ActiveCfg = Release|iPhone
		{39DFBFE4-84F7-4782-B2D7-EF700DB99182}.Release|iPhone.ActiveCfg = Release|iPhone
		{39DFBFE4-84F7-4782-B2D7-EF700DB99182}.Release|iPhone.Build.0 = Release|iPhone
		{39DFBFE4-84F7-4782-B2D7-EF700DB99182}.Release|iPhoneSimulator.ActiveCfg = Release|iPhoneSimulator
		{39DFBFE4-84F7-4782-B2D7-EF700DB99182}.Release|iPhoneSimulator.Build.0 = Release|iPhoneSimulator
		{39DFBFE4-84F7-4782-B2D7-EF700DB99182}.Release|Mixed Platforms.ActiveCfg = Release|iPhone
		{39DFBFE4-84F7-4782-B2D7-EF700DB99182}.Release|Mixed Platforms.Build.0 = Release|iPhone
		{39DFBFE4-84F7-4782-B2D7-EF700DB99182}.Release|x86.ActiveCfg = Release|iPhone
		{F7CEA673-4C8B-4BDD-93DF-C5A267B41664}.Ad-Hoc|Any CPU.ActiveCfg = Release|Any CPU
		{F7CEA673-4C8B-4BDD-93DF-C5A267B41664}.Ad-Hoc|Any CPU.Build.0 = Release|Any CPU
		{F7CEA673-4C8B-4BDD-93DF-C5A267B41664}.Ad-Hoc|ARM.ActiveCfg = Release|Any CPU
		{F7CEA673-4C8B-4BDD-93DF-C5A267B41664}.Ad-Hoc|iPhone.ActiveCfg = Release|Any CPU
		{F7CEA673-4C8B-4BDD-93DF-C5A267B41664}.Ad-Hoc|iPhoneSimulator.ActiveCfg = Release|Any CPU
		{F7CEA673-4C8B-4BDD-93DF-C5A267B41664}.Ad-Hoc|Mixed Platforms.ActiveCfg = Release|Any CPU
		{F7CEA673-4C8B-4BDD-93DF-C5A267B41664}.Ad-Hoc|Mixed Platforms.Build.0 = Release|Any CPU
		{F7CEA673-4C8B-4BDD-93DF-C5A267B41664}.Ad-Hoc|x86.ActiveCfg = Release|Any CPU
		{F7CEA673-4C8B-4BDD-93DF-C5A267B41664}.AppStore|Any CPU.ActiveCfg = Release|Any CPU
		{F7CEA673-4C8B-4BDD-93DF-C5A267B41664}.AppStore|Any CPU.Build.0 = Release|Any CPU
		{F7CEA673-4C8B-4BDD-93DF-C5A267B41664}.AppStore|ARM.ActiveCfg = Release|Any CPU
		{F7CEA673-4C8B-4BDD-93DF-C5A267B41664}.AppStore|iPhone.ActiveCfg = Release|Any CPU
		{F7CEA673-4C8B-4BDD-93DF-C5A267B41664}.AppStore|iPhoneSimulator.ActiveCfg = Release|Any CPU
		{F7CEA673-4C8B-4BDD-93DF-C5A267B41664}.AppStore|Mixed Platforms.ActiveCfg = Release|Any CPU
		{F7CEA673-4C8B-4BDD-93DF-C5A267B41664}.AppStore|Mixed Platforms.Build.0 = Release|Any CPU
		{F7CEA673-4C8B-4BDD-93DF-C5A267B41664}.AppStore|x86.ActiveCfg = Release|Any CPU
		{F7CEA673-4C8B-4BDD-93DF-C5A267B41664}.Debug|Any CPU.ActiveCfg = Debug|Any CPU
		{F7CEA673-4C8B-4BDD-93DF-C5A267B41664}.Debug|Any CPU.Build.0 = Debug|Any CPU
		{F7CEA673-4C8B-4BDD-93DF-C5A267B41664}.Debug|ARM.ActiveCfg = Debug|Any CPU
		{F7CEA673-4C8B-4BDD-93DF-C5A267B41664}.Debug|iPhone.ActiveCfg = Debug|Any CPU
		{F7CEA673-4C8B-4BDD-93DF-C5A267B41664}.Debug|iPhoneSimulator.ActiveCfg = Debug|Any CPU
		{F7CEA673-4C8B-4BDD-93DF-C5A267B41664}.Debug|iPhoneSimulator.Build.0 = Debug|Any CPU
		{F7CEA673-4C8B-4BDD-93DF-C5A267B41664}.Debug|Mixed Platforms.ActiveCfg = Debug|Any CPU
		{F7CEA673-4C8B-4BDD-93DF-C5A267B41664}.Debug|Mixed Platforms.Build.0 = Debug|Any CPU
		{F7CEA673-4C8B-4BDD-93DF-C5A267B41664}.Debug|x86.ActiveCfg = Debug|Any CPU
		{F7CEA673-4C8B-4BDD-93DF-C5A267B41664}.Release|Any CPU.ActiveCfg = Release|Any CPU
		{F7CEA673-4C8B-4BDD-93DF-C5A267B41664}.Release|Any CPU.Build.0 = Release|Any CPU
		{F7CEA673-4C8B-4BDD-93DF-C5A267B41664}.Release|ARM.ActiveCfg = Release|Any CPU
		{F7CEA673-4C8B-4BDD-93DF-C5A267B41664}.Release|iPhone.ActiveCfg = Release|Any CPU
		{F7CEA673-4C8B-4BDD-93DF-C5A267B41664}.Release|iPhoneSimulator.ActiveCfg = Release|Any CPU
		{F7CEA673-4C8B-4BDD-93DF-C5A267B41664}.Release|Mixed Platforms.ActiveCfg = Release|Any CPU
		{F7CEA673-4C8B-4BDD-93DF-C5A267B41664}.Release|Mixed Platforms.Build.0 = Release|Any CPU
		{F7CEA673-4C8B-4BDD-93DF-C5A267B41664}.Release|x86.ActiveCfg = Release|Any CPU
		{CF36FD73-B393-4748-A291-4989E2D90FC9}.Ad-Hoc|Any CPU.ActiveCfg = Ad-Hoc|iPhone
		{CF36FD73-B393-4748-A291-4989E2D90FC9}.Ad-Hoc|ARM.ActiveCfg = Ad-Hoc|iPhone
		{CF36FD73-B393-4748-A291-4989E2D90FC9}.Ad-Hoc|iPhone.ActiveCfg = Ad-Hoc|iPhone
		{CF36FD73-B393-4748-A291-4989E2D90FC9}.Ad-Hoc|iPhone.Build.0 = Ad-Hoc|iPhone
		{CF36FD73-B393-4748-A291-4989E2D90FC9}.Ad-Hoc|iPhoneSimulator.ActiveCfg = Ad-Hoc|iPhoneSimulator
		{CF36FD73-B393-4748-A291-4989E2D90FC9}.Ad-Hoc|iPhoneSimulator.Build.0 = Ad-Hoc|iPhoneSimulator
		{CF36FD73-B393-4748-A291-4989E2D90FC9}.Ad-Hoc|Mixed Platforms.ActiveCfg = Ad-Hoc|iPhone
		{CF36FD73-B393-4748-A291-4989E2D90FC9}.Ad-Hoc|Mixed Platforms.Build.0 = Ad-Hoc|iPhone
		{CF36FD73-B393-4748-A291-4989E2D90FC9}.Ad-Hoc|x86.ActiveCfg = Ad-Hoc|iPhone
		{CF36FD73-B393-4748-A291-4989E2D90FC9}.AppStore|Any CPU.ActiveCfg = AppStore|iPhone
		{CF36FD73-B393-4748-A291-4989E2D90FC9}.AppStore|ARM.ActiveCfg = AppStore|iPhone
		{CF36FD73-B393-4748-A291-4989E2D90FC9}.AppStore|iPhone.ActiveCfg = AppStore|iPhone
		{CF36FD73-B393-4748-A291-4989E2D90FC9}.AppStore|iPhone.Build.0 = AppStore|iPhone
		{CF36FD73-B393-4748-A291-4989E2D90FC9}.AppStore|iPhoneSimulator.ActiveCfg = AppStore|iPhoneSimulator
		{CF36FD73-B393-4748-A291-4989E2D90FC9}.AppStore|iPhoneSimulator.Build.0 = AppStore|iPhoneSimulator
		{CF36FD73-B393-4748-A291-4989E2D90FC9}.AppStore|Mixed Platforms.ActiveCfg = AppStore|iPhone
		{CF36FD73-B393-4748-A291-4989E2D90FC9}.AppStore|Mixed Platforms.Build.0 = AppStore|iPhone
		{CF36FD73-B393-4748-A291-4989E2D90FC9}.AppStore|x86.ActiveCfg = AppStore|iPhone
		{CF36FD73-B393-4748-A291-4989E2D90FC9}.Debug|Any CPU.ActiveCfg = Debug|iPhone
		{CF36FD73-B393-4748-A291-4989E2D90FC9}.Debug|ARM.ActiveCfg = Debug|iPhone
		{CF36FD73-B393-4748-A291-4989E2D90FC9}.Debug|iPhone.ActiveCfg = Debug|iPhone
		{CF36FD73-B393-4748-A291-4989E2D90FC9}.Debug|iPhone.Build.0 = Debug|iPhone
		{CF36FD73-B393-4748-A291-4989E2D90FC9}.Debug|iPhoneSimulator.ActiveCfg = Debug|iPhoneSimulator
		{CF36FD73-B393-4748-A291-4989E2D90FC9}.Debug|iPhoneSimulator.Build.0 = Debug|iPhoneSimulator
		{CF36FD73-B393-4748-A291-4989E2D90FC9}.Debug|Mixed Platforms.ActiveCfg = Debug|iPhone
		{CF36FD73-B393-4748-A291-4989E2D90FC9}.Debug|Mixed Platforms.Build.0 = Debug|iPhone
		{CF36FD73-B393-4748-A291-4989E2D90FC9}.Debug|x86.ActiveCfg = Debug|iPhone
		{CF36FD73-B393-4748-A291-4989E2D90FC9}.Release|Any CPU.ActiveCfg = Release|iPhone
		{CF36FD73-B393-4748-A291-4989E2D90FC9}.Release|ARM.ActiveCfg = Release|iPhone
		{CF36FD73-B393-4748-A291-4989E2D90FC9}.Release|iPhone.ActiveCfg = Release|iPhone
		{CF36FD73-B393-4748-A291-4989E2D90FC9}.Release|iPhone.Build.0 = Release|iPhone
		{CF36FD73-B393-4748-A291-4989E2D90FC9}.Release|iPhoneSimulator.ActiveCfg = Release|iPhoneSimulator
		{CF36FD73-B393-4748-A291-4989E2D90FC9}.Release|iPhoneSimulator.Build.0 = Release|iPhoneSimulator
		{CF36FD73-B393-4748-A291-4989E2D90FC9}.Release|Mixed Platforms.ActiveCfg = Release|iPhone
		{CF36FD73-B393-4748-A291-4989E2D90FC9}.Release|Mixed Platforms.Build.0 = Release|iPhone
		{CF36FD73-B393-4748-A291-4989E2D90FC9}.Release|x86.ActiveCfg = Release|iPhone
		{D232B808-34C2-4609-96F7-00314D99C50E}.Ad-Hoc|Any CPU.ActiveCfg = Release|Any CPU
		{D232B808-34C2-4609-96F7-00314D99C50E}.Ad-Hoc|Any CPU.Build.0 = Release|Any CPU
		{D232B808-34C2-4609-96F7-00314D99C50E}.Ad-Hoc|Any CPU.Deploy.0 = Release|Any CPU
		{D232B808-34C2-4609-96F7-00314D99C50E}.Ad-Hoc|ARM.ActiveCfg = Release|Any CPU
		{D232B808-34C2-4609-96F7-00314D99C50E}.Ad-Hoc|iPhone.ActiveCfg = Release|Any CPU
		{D232B808-34C2-4609-96F7-00314D99C50E}.Ad-Hoc|iPhoneSimulator.ActiveCfg = Release|Any CPU
		{D232B808-34C2-4609-96F7-00314D99C50E}.Ad-Hoc|Mixed Platforms.ActiveCfg = Release|Any CPU
		{D232B808-34C2-4609-96F7-00314D99C50E}.Ad-Hoc|Mixed Platforms.Build.0 = Release|Any CPU
		{D232B808-34C2-4609-96F7-00314D99C50E}.Ad-Hoc|Mixed Platforms.Deploy.0 = Release|Any CPU
		{D232B808-34C2-4609-96F7-00314D99C50E}.Ad-Hoc|x86.ActiveCfg = Release|Any CPU
		{D232B808-34C2-4609-96F7-00314D99C50E}.AppStore|Any CPU.ActiveCfg = Release|Any CPU
		{D232B808-34C2-4609-96F7-00314D99C50E}.AppStore|Any CPU.Build.0 = Release|Any CPU
		{D232B808-34C2-4609-96F7-00314D99C50E}.AppStore|Any CPU.Deploy.0 = Release|Any CPU
		{D232B808-34C2-4609-96F7-00314D99C50E}.AppStore|ARM.ActiveCfg = Release|Any CPU
		{D232B808-34C2-4609-96F7-00314D99C50E}.AppStore|iPhone.ActiveCfg = Release|Any CPU
		{D232B808-34C2-4609-96F7-00314D99C50E}.AppStore|iPhoneSimulator.ActiveCfg = Release|Any CPU
		{D232B808-34C2-4609-96F7-00314D99C50E}.AppStore|Mixed Platforms.ActiveCfg = Release|Any CPU
		{D232B808-34C2-4609-96F7-00314D99C50E}.AppStore|Mixed Platforms.Build.0 = Release|Any CPU
		{D232B808-34C2-4609-96F7-00314D99C50E}.AppStore|Mixed Platforms.Deploy.0 = Release|Any CPU
		{D232B808-34C2-4609-96F7-00314D99C50E}.AppStore|x86.ActiveCfg = Release|Any CPU
		{D232B808-34C2-4609-96F7-00314D99C50E}.Debug|Any CPU.ActiveCfg = Debug|Any CPU
		{D232B808-34C2-4609-96F7-00314D99C50E}.Debug|Any CPU.Build.0 = Debug|Any CPU
		{D232B808-34C2-4609-96F7-00314D99C50E}.Debug|Any CPU.Deploy.0 = Debug|Any CPU
		{D232B808-34C2-4609-96F7-00314D99C50E}.Debug|ARM.ActiveCfg = Debug|Any CPU
		{D232B808-34C2-4609-96F7-00314D99C50E}.Debug|iPhone.ActiveCfg = Debug|Any CPU
		{D232B808-34C2-4609-96F7-00314D99C50E}.Debug|iPhoneSimulator.ActiveCfg = Debug|Any CPU
		{D232B808-34C2-4609-96F7-00314D99C50E}.Debug|Mixed Platforms.ActiveCfg = Debug|Any CPU
		{D232B808-34C2-4609-96F7-00314D99C50E}.Debug|Mixed Platforms.Build.0 = Debug|Any CPU
		{D232B808-34C2-4609-96F7-00314D99C50E}.Debug|Mixed Platforms.Deploy.0 = Debug|Any CPU
		{D232B808-34C2-4609-96F7-00314D99C50E}.Debug|x86.ActiveCfg = Debug|Any CPU
		{D232B808-34C2-4609-96F7-00314D99C50E}.Release|Any CPU.ActiveCfg = Release|Any CPU
		{D232B808-34C2-4609-96F7-00314D99C50E}.Release|Any CPU.Build.0 = Release|Any CPU
		{D232B808-34C2-4609-96F7-00314D99C50E}.Release|Any CPU.Deploy.0 = Release|Any CPU
		{D232B808-34C2-4609-96F7-00314D99C50E}.Release|ARM.ActiveCfg = Release|Any CPU
		{D232B808-34C2-4609-96F7-00314D99C50E}.Release|iPhone.ActiveCfg = Release|Any CPU
		{D232B808-34C2-4609-96F7-00314D99C50E}.Release|iPhoneSimulator.ActiveCfg = Release|Any CPU
		{D232B808-34C2-4609-96F7-00314D99C50E}.Release|Mixed Platforms.ActiveCfg = Release|Any CPU
		{D232B808-34C2-4609-96F7-00314D99C50E}.Release|Mixed Platforms.Build.0 = Release|Any CPU
		{D232B808-34C2-4609-96F7-00314D99C50E}.Release|Mixed Platforms.Deploy.0 = Release|Any CPU
		{D232B808-34C2-4609-96F7-00314D99C50E}.Release|x86.ActiveCfg = Release|Any CPU
		{7B9B19CA-D488-4868-8604-EA2DC21BE486}.Ad-Hoc|Any CPU.ActiveCfg = Release|Any CPU
		{7B9B19CA-D488-4868-8604-EA2DC21BE486}.Ad-Hoc|Any CPU.Build.0 = Release|Any CPU
		{7B9B19CA-D488-4868-8604-EA2DC21BE486}.Ad-Hoc|Any CPU.Deploy.0 = Release|Any CPU
		{7B9B19CA-D488-4868-8604-EA2DC21BE486}.Ad-Hoc|ARM.ActiveCfg = Release|ARM
		{7B9B19CA-D488-4868-8604-EA2DC21BE486}.Ad-Hoc|ARM.Build.0 = Release|ARM
		{7B9B19CA-D488-4868-8604-EA2DC21BE486}.Ad-Hoc|ARM.Deploy.0 = Release|ARM
		{7B9B19CA-D488-4868-8604-EA2DC21BE486}.Ad-Hoc|iPhone.ActiveCfg = Release|Any CPU
		{7B9B19CA-D488-4868-8604-EA2DC21BE486}.Ad-Hoc|iPhoneSimulator.ActiveCfg = Release|Any CPU
		{7B9B19CA-D488-4868-8604-EA2DC21BE486}.Ad-Hoc|Mixed Platforms.ActiveCfg = Release|x86
		{7B9B19CA-D488-4868-8604-EA2DC21BE486}.Ad-Hoc|Mixed Platforms.Build.0 = Release|x86
		{7B9B19CA-D488-4868-8604-EA2DC21BE486}.Ad-Hoc|Mixed Platforms.Deploy.0 = Release|x86
		{7B9B19CA-D488-4868-8604-EA2DC21BE486}.Ad-Hoc|x86.ActiveCfg = Release|x86
		{7B9B19CA-D488-4868-8604-EA2DC21BE486}.Ad-Hoc|x86.Build.0 = Release|x86
		{7B9B19CA-D488-4868-8604-EA2DC21BE486}.Ad-Hoc|x86.Deploy.0 = Release|x86
		{7B9B19CA-D488-4868-8604-EA2DC21BE486}.AppStore|Any CPU.ActiveCfg = Release|Any CPU
		{7B9B19CA-D488-4868-8604-EA2DC21BE486}.AppStore|Any CPU.Build.0 = Release|Any CPU
		{7B9B19CA-D488-4868-8604-EA2DC21BE486}.AppStore|Any CPU.Deploy.0 = Release|Any CPU
		{7B9B19CA-D488-4868-8604-EA2DC21BE486}.AppStore|ARM.ActiveCfg = Release|ARM
		{7B9B19CA-D488-4868-8604-EA2DC21BE486}.AppStore|ARM.Build.0 = Release|ARM
		{7B9B19CA-D488-4868-8604-EA2DC21BE486}.AppStore|ARM.Deploy.0 = Release|ARM
		{7B9B19CA-D488-4868-8604-EA2DC21BE486}.AppStore|iPhone.ActiveCfg = Release|Any CPU
		{7B9B19CA-D488-4868-8604-EA2DC21BE486}.AppStore|iPhoneSimulator.ActiveCfg = Release|Any CPU
		{7B9B19CA-D488-4868-8604-EA2DC21BE486}.AppStore|Mixed Platforms.ActiveCfg = Release|x86
		{7B9B19CA-D488-4868-8604-EA2DC21BE486}.AppStore|Mixed Platforms.Build.0 = Release|x86
		{7B9B19CA-D488-4868-8604-EA2DC21BE486}.AppStore|Mixed Platforms.Deploy.0 = Release|x86
		{7B9B19CA-D488-4868-8604-EA2DC21BE486}.AppStore|x86.ActiveCfg = Release|x86
		{7B9B19CA-D488-4868-8604-EA2DC21BE486}.AppStore|x86.Build.0 = Release|x86
		{7B9B19CA-D488-4868-8604-EA2DC21BE486}.AppStore|x86.Deploy.0 = Release|x86
		{7B9B19CA-D488-4868-8604-EA2DC21BE486}.Debug|Any CPU.ActiveCfg = Debug|Any CPU
		{7B9B19CA-D488-4868-8604-EA2DC21BE486}.Debug|Any CPU.Build.0 = Debug|Any CPU
		{7B9B19CA-D488-4868-8604-EA2DC21BE486}.Debug|Any CPU.Deploy.0 = Debug|Any CPU
		{7B9B19CA-D488-4868-8604-EA2DC21BE486}.Debug|ARM.ActiveCfg = Debug|ARM
		{7B9B19CA-D488-4868-8604-EA2DC21BE486}.Debug|ARM.Build.0 = Debug|ARM
		{7B9B19CA-D488-4868-8604-EA2DC21BE486}.Debug|ARM.Deploy.0 = Debug|ARM
		{7B9B19CA-D488-4868-8604-EA2DC21BE486}.Debug|iPhone.ActiveCfg = Debug|Any CPU
		{7B9B19CA-D488-4868-8604-EA2DC21BE486}.Debug|iPhoneSimulator.ActiveCfg = Debug|Any CPU
		{7B9B19CA-D488-4868-8604-EA2DC21BE486}.Debug|Mixed Platforms.ActiveCfg = Debug|x86
		{7B9B19CA-D488-4868-8604-EA2DC21BE486}.Debug|Mixed Platforms.Build.0 = Debug|x86
		{7B9B19CA-D488-4868-8604-EA2DC21BE486}.Debug|Mixed Platforms.Deploy.0 = Debug|x86
		{7B9B19CA-D488-4868-8604-EA2DC21BE486}.Debug|x86.ActiveCfg = Debug|x86
		{7B9B19CA-D488-4868-8604-EA2DC21BE486}.Debug|x86.Build.0 = Debug|x86
		{7B9B19CA-D488-4868-8604-EA2DC21BE486}.Debug|x86.Deploy.0 = Debug|x86
		{7B9B19CA-D488-4868-8604-EA2DC21BE486}.Release|Any CPU.ActiveCfg = Release|Any CPU
		{7B9B19CA-D488-4868-8604-EA2DC21BE486}.Release|Any CPU.Build.0 = Release|Any CPU
		{7B9B19CA-D488-4868-8604-EA2DC21BE486}.Release|Any CPU.Deploy.0 = Release|Any CPU
		{7B9B19CA-D488-4868-8604-EA2DC21BE486}.Release|ARM.ActiveCfg = Release|ARM
		{7B9B19CA-D488-4868-8604-EA2DC21BE486}.Release|ARM.Build.0 = Release|ARM
		{7B9B19CA-D488-4868-8604-EA2DC21BE486}.Release|ARM.Deploy.0 = Release|ARM
		{7B9B19CA-D488-4868-8604-EA2DC21BE486}.Release|iPhone.ActiveCfg = Release|Any CPU
		{7B9B19CA-D488-4868-8604-EA2DC21BE486}.Release|iPhoneSimulator.ActiveCfg = Release|Any CPU
		{7B9B19CA-D488-4868-8604-EA2DC21BE486}.Release|Mixed Platforms.ActiveCfg = Release|x86
		{7B9B19CA-D488-4868-8604-EA2DC21BE486}.Release|Mixed Platforms.Build.0 = Release|x86
		{7B9B19CA-D488-4868-8604-EA2DC21BE486}.Release|Mixed Platforms.Deploy.0 = Release|x86
		{7B9B19CA-D488-4868-8604-EA2DC21BE486}.Release|x86.ActiveCfg = Release|x86
		{7B9B19CA-D488-4868-8604-EA2DC21BE486}.Release|x86.Build.0 = Release|x86
		{7B9B19CA-D488-4868-8604-EA2DC21BE486}.Release|x86.Deploy.0 = Release|x86
	EndGlobalSection
	GlobalSection(SolutionProperties) = preSolution
		HideSolutionNode = FALSE
	EndGlobalSection
	GlobalSection(NestedProjects) = preSolution
		{A7796FC7-FDB1-4701-A391-834BC7FD0784} = {2A4DE6F5-1A46-471A-9D18-43E0F496E17E}
		{1F5500F1-68FB-4A5E-985E-1FF0B4CB9042} = {2A4DE6F5-1A46-471A-9D18-43E0F496E17E}
		{27503D84-463A-4FB4-B2B0-E069CFD3A2D9} = {166F1AEE-6D6B-4267-A830-1A0926D03D9E}
		{CC351050-BAD0-4818-9E42-BEFC156679A8} = {166F1AEE-6D6B-4267-A830-1A0926D03D9E}
		{45C7D257-AADB-48F8-AEF6-F90BF95780AC} = {20C49516-EFB3-4A57-8839-8D9E691A4FAC}
		{41AC8872-3C15-484D-8AA2-9CEB8317BB2F} = {20C49516-EFB3-4A57-8839-8D9E691A4FAC}
		{A569B240-87FD-421F-A0BC-6473F8203B51} = {45FC0D0B-7D3C-42F5-9251-767A744A1659}
		{87A94352-0926-41EC-A765-AB1C4B10151F} = {D96AC51C-9559-4D6A-8305-3352C942A51A}
		{494414DD-5EB8-490B-A514-4A644CEC69C0} = {D96AC51C-9559-4D6A-8305-3352C942A51A}
		{06B3EF1C-A598-4D79-84E0-B6A43EF8E438} = {33F906E4-5DDA-4E3E-ABA4-3BB0956ECD5F}
		{39DFBFE4-84F7-4782-B2D7-EF700DB99182} = {33F906E4-5DDA-4E3E-ABA4-3BB0956ECD5F}
		{58BBA301-78ED-440B-8A24-0DF51F08D1EB} = {74368E6A-417E-4144-9509-1B6FA37694FC}
		{F7CEA673-4C8B-4BDD-93DF-C5A267B41664} = {58BBA301-78ED-440B-8A24-0DF51F08D1EB}
		{CF36FD73-B393-4748-A291-4989E2D90FC9} = {58BBA301-78ED-440B-8A24-0DF51F08D1EB}
		{D232B808-34C2-4609-96F7-00314D99C50E} = {58BBA301-78ED-440B-8A24-0DF51F08D1EB}
		{7B9B19CA-D488-4868-8604-EA2DC21BE486} = {58BBA301-78ED-440B-8A24-0DF51F08D1EB}
	EndGlobalSection
	GlobalSection(MonoDevelopProperties) = preSolution
		StartupItem = NinjectDemo\NinjectDemo.iOS\NinjectDemo.iOS.csproj
	EndGlobalSection
EndGlobal
